// !$*UTF8*$!
{
	archiveVersion = 1;
	classes = {
	};
	objectVersion = 46;
	objects = {

/* Begin PBXBuildFile section */
		822803C81EE17D4700863C51 /* AppDelegate.swift in Sources */ = {isa = PBXBuildFile; fileRef = 822803C71EE17D4700863C51 /* AppDelegate.swift */; };
		822803CA1EE17D4700863C51 /* ViewController.swift in Sources */ = {isa = PBXBuildFile; fileRef = 822803C91EE17D4700863C51 /* ViewController.swift */; };
		822803CD1EE17D4700863C51 /* Main.storyboard in Resources */ = {isa = PBXBuildFile; fileRef = 822803CB1EE17D4700863C51 /* Main.storyboard */; };
		822803CF1EE17D4700863C51 /* Assets.xcassets in Resources */ = {isa = PBXBuildFile; fileRef = 822803CE1EE17D4700863C51 /* Assets.xcassets */; };
		822803D21EE17D4700863C51 /* LaunchScreen.storyboard in Resources */ = {isa = PBXBuildFile; fileRef = 822803D01EE17D4700863C51 /* LaunchScreen.storyboard */; };
/* End PBXBuildFile section */

/* Begin PBXFileReference section */
		822803C41EE17D4700863C51 /* FacebookDemo.app */ = {isa = PBXFileReference; explicitFileType = wrapper.application; includeInIndex = 0; path = FacebookDemo.app; sourceTree = BUILT_PRODUCTS_DIR; };
		822803C71EE17D4700863C51 /* AppDelegate.swift */ = {isa = PBXFileReference; lastKnownFileType = sourcecode.swift; path = AppDelegate.swift; sourceTree = "<group>"; };
		822803C91EE17D4700863C51 /* ViewController.swift */ = {isa = PBXFileReference; lastKnownFileType = sourcecode.swift; path = ViewController.swift; sourceTree = "<group>"; };
		822803CC1EE17D4700863C51 /* Base */ = {isa = PBXFileReference; lastKnownFileType = file.storyboard; name = Base; path = Base.lproj/Main.storyboard; sourceTree = "<group>"; };
		822803CE1EE17D4700863C51 /* Assets.xcassets */ = {isa = PBXFileReference; lastKnownFileType = folder.assetcatalog; path = Assets.xcassets; sourceTree = "<group>"; };
		822803D11EE17D4700863C51 /* Base */ = {isa = PBXFileReference; lastKnownFileType = file.storyboard; name = Base; path = Base.lproj/LaunchScreen.storyboard; sourceTree = "<group>"; };
		822803D31EE17D4700863C51 /* Info.plist */ = {isa = PBXFileReference; lastKnownFileType = text.plist.xml; path = Info.plist; sourceTree = "<group>"; };
/* End PBXFileReference section */

/* Begin PBXFrameworksBuildPhase section */
		822803C11EE17D4700863C51 /* Frameworks */ = {
			isa = PBXFrameworksBuildPhase;
			buildActionMask = 2147483647;
			files = (
			);
			runOnlyForDeploymentPostprocessing = 0;
		};
/* End PBXFrameworksBuildPhase section */

/* Begin PBXGroup section */
		822803BB1EE17D4700863C51 = {
			isa = PBXGroup;
			children = (
				822803C61EE17D4700863C51 /* FacebookDemo */,
				822803C51EE17D4700863C51 /* Products */,
			);
			sourceTree = "<group>";
		};
		822803C51EE17D4700863C51 /* Products */ = {
			isa = PBXGroup;
			children = (
				822803C41EE17D4700863C51 /* FacebookDemo.app */,
			);
			name = Products;
			sourceTree = "<group>";
		};
		822803C61EE17D4700863C51 /* FacebookDemo */ = {
			isa = PBXGroup;
			children = (
				822803C71EE17D4700863C51 /* AppDelegate.swift */,
				822803C91EE17D4700863C51 /* ViewController.swift */,
				822803CB1EE17D4700863C51 /* Main.storyboard */,
				822803CE1EE17D4700863C51 /* Assets.xcassets */,
				822803D01EE17D4700863C51 /* LaunchScreen.storyboard */,
				822803D31EE17D4700863C51 /* Info.plist */,
			);
			path = FacebookDemo;
			sourceTree = "<group>";
		};
/* End PBXGroup section */

/* Begin PBXNativeTarget section */
		822803C31EE17D4700863C51 /* FacebookDemo */ = {
			isa = PBXNativeTarget;
			buildConfigurationList = 822803D61EE17D4700863C51 /* Build configuration list for PBXNativeTarget "FacebookDemo" */;
			buildPhases = (
				822803C01EE17D4700863C51 /* Sources */,
				822803C11EE17D4700863C51 /* Frameworks */,
				822803C21EE17D4700863C51 /* Resources */,
			);
			buildRules = (
			);
			dependencies = (
			);
			name = FacebookDemo;
			productName = FacebookDemo;
			productReference = 822803C41EE17D4700863C51 /* FacebookDemo.app */;
			productType = "com.apple.product-type.application";
		};
/* End PBXNativeTarget section */

/* Begin PBXProject section */
		822803BC1EE17D4700863C51 /* Project object */ = {
			isa = PBXProject;
			attributes = {
				LastSwiftUpdateCheck = 0820;
				LastUpgradeCheck = 0820;
				ORGANIZATIONNAME = XYZ;
				TargetAttributes = {
					822803C31EE17D4700863C51 = {
						CreatedOnToolsVersion = 8.2;
						ProvisioningStyle = Automatic;
					};
				};
			};
			buildConfigurationList = 822803BF1EE17D4700863C51 /* Build configuration list for PBXProject "FacebookDemo" */;
			compatibilityVersion = "Xcode 3.2";
			developmentRegion = English;
			hasScannedForEncodings = 0;
			knownRegions = (
				en,
				Base,
			);
			mainGroup = 822803BB1EE17D4700863C51;
			productRefGroup = 822803C51EE17D4700863C51 /* Products */;
			projectDirPath = "";
			projectRoot = "";
			targets = (
				822803C31EE17D4700863C51 /* FacebookDemo */,
			);
		};
/* End PBXProject section */

/* Begin PBXResourcesBuildPhase section */
		822803C21EE17D4700863C51 /* Resources */ = {
			isa = PBXResourcesBuildPhase;
			buildActionMask = 2147483647;
			files = (
				822803D21EE17D4700863C51 /* LaunchScreen.storyboard in Resources */,
				822803CF1EE17D4700863C51 /* Assets.xcassets in Resources */,
				822803CD1EE17D4700863C51 /* Main.storyboard in Resources */,
			);
			runOnlyForDeploymentPostprocessing = 0;
		};
/* End PBXResourcesBuildPhase section */

/* Begin PBXSourcesBuildPhase section */
		822803C01EE17D4700863C51 /* Sources */ = {
			isa = PBXSourcesBuildPhase;
			buildActionMask = 2147483647;
			files = (
				822803CA1EE17D4700863C51 /* ViewController.swift in Sources */,
				822803C81EE17D4700863C51 /* AppDelegate.swift in Sources */,
			);
			runOnlyForDeploymentPostprocessing = 0;
		};
/* End PBXSourcesBuildPhase section */

/* Begin PBXVariantGroup section */
		822803CB1EE17D4700863C51 /* Main.storyboard */ = {
			isa = PBXVariantGroup;
			children = (
				822803CC1EE17D4700863C51 /* Base */,
			);
			name = Main.storyboard;
			sourceTree = "<group>";
		};
		822803D01EE17D4700863C51 /* LaunchScreen.storyboard */ = {
			isa = PBXVariantGroup;
			children = (
				822803D11EE17D4700863C51 /* Base */,
			);
			name = LaunchScreen.storyboard;
			sourceTree = "<group>";
		};
/* End PBXVariantGroup section */

/* Begin XCBuildConfiguration section */
		822803D41EE17D4700863C51 /* Debug */ = {
			isa = XCBuildConfiguration;
			buildSettings = {
				ALWAYS_SEARCH_USER_PATHS = NO;
				CLANG_ANALYZER_NONNULL = YES;
				CLANG_CXX_LANGUAGE_STANDARD = "gnu++0x";
				CLANG_CXX_LIBRARY = "libc++";
				CLANG_ENABLE_MODULES = YES;
				CLANG_ENABLE_OBJC_ARC = YES;
				CLANG_WARN_BOOL_CONVERSION = YES;
				CLANG_WARN_CONSTANT_CONVERSION = YES;
				CLANG_WARN_DIRECT_OBJC_ISA_USAGE = YES_ERROR;
				CLANG_WARN_DOCUMENTATION_COMMENTS = YES;
				CLANG_WARN_EMPTY_BODY = YES;
				CLANG_WARN_ENUM_CONVERSION = YES;
				CLANG_WARN_INFINITE_RECURSION = YES;
				CLANG_WARN_INT_CONVERSION = YES;
				CLANG_WARN_OBJC_ROOT_CLASS = YES_ERROR;
				CLANG_WARN_SUSPICIOUS_MOVE = YES;
				CLANG_WARN_UNREACHABLE_CODE = YES;
				CLANG_WARN__DUPLICATE_METHOD_MATCH = YES;
				"CODE_SIGN_IDENTITY[sdk=iphoneos*]" = "iPhone Developer";
				COPY_PHASE_STRIP = NO;
				DEBUG_INFORMATION_FORMAT = dwarf;
				ENABLE_STRICT_OBJC_MSGSEND = YES;
				ENABLE_TESTABILITY = YES;
				GCC_C_LANGUAGE_STANDARD = gnu99;
				GCC_DYNAMIC_NO_PIC = NO;
				GCC_NO_COMMON_BLOCKS = YES;
				GCC_OPTIMIZATION_LEVEL = 0;
				GCC_PREPROCESSOR_DEFINITIONS = (
					"DEBUG=1",
					"$(inherited)",
				);
				GCC_WARN_64_TO_32_BIT_CONVERSION = YES;
				GCC_WARN_ABOUT_RETURN_TYPE = YES_ERROR;
				GCC_WARN_UNDECLARED_SELECTOR = YES;
				GCC_WARN_UNINITIALIZED_AUTOS = YES_AGGRESSIVE;
				GCC_WARN_UNUSED_FUNCTION = YES;
				GCC_WARN_UNUSED_VARIABLE = YES;
				IPHONEOS_DEPLOYMENT_TARGET = 10.2;
				MTL_ENABLE_DEBUG_INFO = YES;
				ONLY_ACTIVE_ARCH = YES;
				SDKROOT = iphoneos;
				SWIFT_ACTIVE_COMPILATION_CONDITIONS = DEBUG;
				SWIFT_OPTIMIZATION_LEVEL = "-Onone";
			};
			name = Debug;
		};
		822803D51EE17D4700863C51 /* Release */ = {
			isa = XCBuildConfiguration;
			buildSettings = {
				ALWAYS_SEARCH_USER_PATHS = NO;
				CLANG_ANALYZER_NONNULL = YES;
				CLANG_CXX_LANGUAGE_STANDARD = "gnu++0x";
				CLANG_CXX_LIBRARY = "libc++";
				CLANG_ENABLE_MODULES = YES;
				CLANG_ENABLE_OBJC_ARC = YES;
				CLANG_WARN_BOOL_CONVERSION = YES;
				CLANG_WARN_CONSTANT_CONVERSION = YES;
				CLANG_WARN_DIRECT_OBJC_ISA_USAGE = YES_ERROR;
				CLANG_WARN_DOCUMENTATION_COMMENTS = YES;
				CLANG_WARN_EMPTY_BODY = YES;
				CLANG_WARN_ENUM_CONVERSION = YES;
				CLANG_WARN_INFINITE_RECURSION = YES;
				CLANG_WARN_INT_CONVERSION = YES;
				CLANG_WARN_OBJC_ROOT_CLASS = YES_ERROR;
				CLANG_WARN_SUSPICIOUS_MOVE = YES;
				CLANG_WARN_UNREACHABLE_CODE = YES;
				CLANG_WARN__DUPLICATE_METHOD_MATCH = YES;
				"CODE_SIGN_IDENTITY[sdk=iphoneos*]" = "iPhone Developer";
				COPY_PHASE_STRIP = NO;
				DEBUG_INFORMATION_FORMAT = "dwarf-with-dsym";
				ENABLE_NS_ASSERTIONS = NO;
				ENABLE_STRICT_OBJC_MSGSEND = YES;
				GCC_C_LANGUAGE_STANDARD = gnu99;
				GCC_NO_COMMON_BLOCKS = YES;
				GCC_WARN_64_TO_32_BIT_CONVERSION = YES;
				GCC_WARN_ABOUT_RETURN_TYPE = YES_ERROR;
				GCC_WARN_UNDECLARED_SELECTOR = YES;
				GCC_WARN_UNINITIALIZED_AUTOS = YES_AGGRESSIVE;
				GCC_WARN_UNUSED_FUNCTION = YES;
				GCC_WARN_UNUSED_VARIABLE = YES;
				IPHONEOS_DEPLOYMENT_TARGET = 10.2;
				MTL_ENABLE_DEBUG_INFO = NO;
				SDKROOT = iphoneos;
				SWIFT_OPTIMIZATION_LEVEL = "-Owholemodule";
				VALIDATE_PRODUCT = YES;
			};
			name = Release;
		};
		822803D71EE17D4700863C51 /* Debug */ = {
			isa = XCBuildConfiguration;
			buildSettings = {
				ASSETCATALOG_COMPILER_APPICON_NAME = AppIcon;
				INFOPLIST_FILE = FacebookDemo/Info.plist;
				LD_RUNPATH_SEARCH_PATHS = "$(inherited) @executable_path/Frameworks";
				PRODUCT_BUNDLE_IDENTIFIER = XYZ.FacebookDemo;
				PRODUCT_NAME = "$(TARGET_NAME)";
				SWIFT_VERSION = 3.0;
			};
			name = Debug;
		};
		822803D81EE17D4700863C51 /* Release */ = {
			isa = XCBuildConfiguration;
			buildSettings = {
				ASSETCATALOG_COMPILER_APPICON_NAME = AppIcon;
				INFOPLIST_FILE = FacebookDemo/Info.plist;
				LD_RUNPATH_SEARCH_PATHS = "$(inherited) @executable_path/Frameworks";
				PRODUCT_BUNDLE_IDENTIFIER = XYZ.FacebookDemo;
				PRODUCT_NAME = "$(TARGET_NAME)";
				SWIFT_VERSION = 3.0;
			};
			name = Release;
		};
/* End XCBuildConfiguration section */

/* Begin XCConfigurationList section */
		822803BF1EE17D4700863C51 /* Build configuration list for PBXProject "FacebookDemo" */ = {
			isa = XCConfigurationList;
			buildConfigurations = (
				822803D41EE17D4700863C51 /* Debug */,
				822803D51EE17D4700863C51 /* Release */,
			);
			defaultConfigurationIsVisible = 0;
			defaultConfigurationName = Release;
		};
		822803D61EE17D4700863C51 /* Build configuration list for PBXNativeTarget "FacebookDemo" */ = {
			isa = XCConfigurationList;
			buildConfigurations = (
				822803D71EE17D4700863C51 /* Debug */,
				822803D81EE17D4700863C51 /* Release */,
			);
			defaultConfigurationIsVisible = 0;
		};
/* End XCConfigurationList section */
	};
	rootObject = 822803BC1EE17D4700863C51 /* Project object */;
}
